
Microsoft Visual Studio Solution File, Format Version 12.00
# Visual Studio 15
VisualStudioVersion = 15.0.28010.2003
MinimumVisualStudioVersion = 10.0.40219.1
Project("{FAE04EC0-301F-11D3-BF4B-00C04F79EFBC}") = "Generics_LINQ_LamdaDemo", "Generics_LINQ_LamdaDemo\Generics_LINQ_LamdaDemo.csproj", "{EE55FCD3-4E30-46BE-A067-B8032CDC9970}"
EndProject
Global
	GlobalSection(SolutionConfigurationPlatforms) = preSolution
		Debug|Any CPU = Debug|Any CPU
		Release|Any CPU = Release|Any CPU
	EndGlobalSection
	GlobalSection(ProjectConfigurationPlatforms) = postSolution
		{EE55FCD3-4E30-46BE-A067-B8032CDC9970}.Debug|Any CPU.ActiveCfg = Debug|Any CPU
		{EE55FCD3-4E30-46BE-A067-B8032CDC9970}.Debug|Any CPU.Build.0 = Debug|Any CPU
		{EE55FCD3-4E30-46BE-A067-B8032CDC9970}.Release|Any CPU.ActiveCfg = Release|Any CPU
		{EE55FCD3-4E30-46BE-A067-B8032CDC9970}.Release|Any CPU.Build.0 = Release|Any CPU
	EndGlobalSection
	GlobalSection(SolutionProperties) = preSolution
		HideSolutionNode = FALSE
	EndGlobalSection
	GlobalSection(ExtensibilityGlobals) = postSolution
		SolutionGuid = {3B99CE3A-9E09-4DA5-97AC-2C2715F56758}
	EndGlobalSection
EndGlobal
